
Microsoft Visual Studio Solution File, Format Version 12.00
# Visual Studio Version 17
VisualStudioVersion = 17.10.35013.160
MinimumVisualStudioVersion = 10.0.40219.1
Project("{FAE04EC0-301F-11D3-BF4B-00C04F79EFBC}") = "Lab7-Smirnov", "Lab7-Smirnov\Lab7-Smirnov.csproj", "{5F5C8782-FA2A-477D-B2D3-231F43A8BFDC}"
EndProject
Global
	GlobalSection(SolutionConfigurationPlatforms) = preSolution
		Debug|Any CPU = Debug|Any CPU
		Release|Any CPU = Release|Any CPU
	EndGlobalSection
	GlobalSection(ProjectConfigurationPlatforms) = postSolution
		{5F5C8782-FA2A-477D-B2D3-231F43A8BFDC}.Debug|Any CPU.ActiveCfg = Debug|Any CPU
		{5F5C8782-FA2A-477D-B2D3-231F43A8BFDC}.Debug|Any CPU.Build.0 = Debug|Any CPU
		{5F5C8782-FA2A-477D-B2D3-231F43A8BFDC}.Release|Any CPU.ActiveCfg = Release|Any CPU
		{5F5C8782-FA2A-477D-B2D3-231F43A8BFDC}.Release|Any CPU.Build.0 = Release|Any CPU
	EndGlobalSection
	GlobalSection(SolutionProperties) = preSolution
		HideSolutionNode = FALSE
	EndGlobalSection
	GlobalSection(ExtensibilityGlobals) = postSolution
		SolutionGuid = {5661E495-020A-430F-ADCD-F9C08784A772}
	EndGlobalSection
EndGlobal
